// !$*UTF8*$!
{
	archiveVersion = 1;
	classes = {
	};
	objectVersion = 50;
	objects = {

/* Begin PBXBuildFile section */
		273505B624813C6400542337 /* OrbitTests.swift in Sources */ = {isa = PBXBuildFile; fileRef = 273505B524813C6400542337 /* OrbitTests.swift */; };
		273505B8248149B700542337 /* Orbit+KSP.swift in Sources */ = {isa = PBXBuildFile; fileRef = 273505B7248149B700542337 /* Orbit+KSP.swift */; };
		273505BA248149CC00542337 /* CelestialBody+KSP.swift in Sources */ = {isa = PBXBuildFile; fileRef = 273505B9248149CC00542337 /* CelestialBody+KSP.swift */; };
		2748112D247DBF3300753335 /* Keplerian.h in Headers */ = {isa = PBXBuildFile; fileRef = 2748112B247DBF3300753335 /* Keplerian.h */; settings = {ATTRIBUTES = (Public, ); }; };
		27481138247DBF5000753335 /* CelestialBody.swift in Sources */ = {isa = PBXBuildFile; fileRef = 27481133247DBF5000753335 /* CelestialBody.swift */; };
		27481139247DBF5000753335 /* Orbit+TestValues.swift in Sources */ = {isa = PBXBuildFile; fileRef = 27481134247DBF5000753335 /* Orbit+TestValues.swift */; };
		2748113A247DBF5000753335 /* Orbit+CustomStringConvertible.swift in Sources */ = {isa = PBXBuildFile; fileRef = 27481135247DBF5000753335 /* Orbit+CustomStringConvertible.swift */; };
		2748113B247DBF5000753335 /* Lambert.swift in Sources */ = {isa = PBXBuildFile; fileRef = 27481136247DBF5000753335 /* Lambert.swift */; };
		2748113C247DBF5000753335 /* Orbit.swift in Sources */ = {isa = PBXBuildFile; fileRef = 27481137247DBF5000753335 /* Orbit.swift */; };
		2748113E247DBF5700753335 /* VectorMath.swift in Sources */ = {isa = PBXBuildFile; fileRef = 2748113D247DBF5700753335 /* VectorMath.swift */; };
		27481140247DBF5F00753335 /* Units.swift in Sources */ = {isa = PBXBuildFile; fileRef = 2748113F247DBF5E00753335 /* Units.swift */; };
		2748114A247DBF6800753335 /* Keplerian.framework in Frameworks */ = {isa = PBXBuildFile; fileRef = 27481128247DBF3300753335 /* Keplerian.framework */; };
		27481151247DBF7200753335 /* KeplerianTests.swift in Sources */ = {isa = PBXBuildFile; fileRef = 27481150247DBF7200753335 /* KeplerianTests.swift */; };
		2760D7F1248EBC7700E96A7C /* CelestialBodyTests.swift in Sources */ = {isa = PBXBuildFile; fileRef = 2760D7F0248EBC7700E96A7C /* CelestialBodyTests.swift */; };
		27CD2D24248ACAD3008C148F /* PorkchopVisualizer.swift in Sources */ = {isa = PBXBuildFile; fileRef = 27CD2D23248ACAD3008C148F /* PorkchopVisualizer.swift */; };
		27DBA5B62482F8900074B4DA /* KerbalTime.swift in Sources */ = {isa = PBXBuildFile; fileRef = 27DBA5B52482F8900074B4DA /* KerbalTime.swift */; };
		27DBA5B824835E950074B4DA /* LambertTests.swift in Sources */ = {isa = PBXBuildFile; fileRef = 27DBA5B724835E950074B4DA /* LambertTests.swift */; };
		27DBA5BA248364160074B4DA /* KSPDateTests.swift in Sources */ = {isa = PBXBuildFile; fileRef = 27DBA5B9248364160074B4DA /* KSPDateTests.swift */; };
		27E638ED247F543E0087FB0A /* Porkchop.swift in Sources */ = {isa = PBXBuildFile; fileRef = 27E638EC247F543E0087FB0A /* Porkchop.swift */; };
/* End PBXBuildFile section */

/* Begin PBXContainerItemProxy section */
		2748114B247DBF6800753335 /* PBXContainerItemProxy */ = {
			isa = PBXContainerItemProxy;
			containerPortal = 2748111F247DBF3300753335 /* Project object */;
			proxyType = 1;
			remoteGlobalIDString = 27481127247DBF3300753335;
			remoteInfo = Keplerian;
		};
/* End PBXContainerItemProxy section */

/* Begin PBXFileReference section */
		273505B524813C6400542337 /* OrbitTests.swift */ = {isa = PBXFileReference; lastKnownFileType = sourcecode.swift; path = OrbitTests.swift; sourceTree = "<group>"; };
		273505B7248149B700542337 /* Orbit+KSP.swift */ = {isa = PBXFileReference; lastKnownFileType = sourcecode.swift; path = "Orbit+KSP.swift"; sourceTree = "<group>"; };
		273505B9248149CC00542337 /* CelestialBody+KSP.swift */ = {isa = PBXFileReference; lastKnownFileType = sourcecode.swift; path = "CelestialBody+KSP.swift"; sourceTree = "<group>"; };
		27481128247DBF3300753335 /* Keplerian.framework */ = {isa = PBXFileReference; explicitFileType = wrapper.framework; includeInIndex = 0; path = Keplerian.framework; sourceTree = BUILT_PRODUCTS_DIR; };
		2748112B247DBF3300753335 /* Keplerian.h */ = {isa = PBXFileReference; lastKnownFileType = sourcecode.c.h; path = Keplerian.h; sourceTree = "<group>"; };
		2748112C247DBF3300753335 /* Info.plist */ = {isa = PBXFileReference; lastKnownFileType = text.plist.xml; path = Info.plist; sourceTree = "<group>"; };
		27481133247DBF5000753335 /* CelestialBody.swift */ = {isa = PBXFileReference; fileEncoding = 4; lastKnownFileType = sourcecode.swift; path = CelestialBody.swift; sourceTree = "<group>"; };
		27481134247DBF5000753335 /* Orbit+TestValues.swift */ = {isa = PBXFileReference; fileEncoding = 4; lastKnownFileType = sourcecode.swift; path = "Orbit+TestValues.swift"; sourceTree = "<group>"; };
		27481135247DBF5000753335 /* Orbit+CustomStringConvertible.swift */ = {isa = PBXFileReference; fileEncoding = 4; lastKnownFileType = sourcecode.swift; path = "Orbit+CustomStringConvertible.swift"; sourceTree = "<group>"; };
		27481136247DBF5000753335 /* Lambert.swift */ = {isa = PBXFileReference; fileEncoding = 4; lastKnownFileType = sourcecode.swift; path = Lambert.swift; sourceTree = "<group>"; };
		27481137247DBF5000753335 /* Orbit.swift */ = {isa = PBXFileReference; fileEncoding = 4; lastKnownFileType = sourcecode.swift; path = Orbit.swift; sourceTree = "<group>"; };
		2748113D247DBF5700753335 /* VectorMath.swift */ = {isa = PBXFileReference; fileEncoding = 4; lastKnownFileType = sourcecode.swift; path = VectorMath.swift; sourceTree = "<group>"; };
		2748113F247DBF5E00753335 /* Units.swift */ = {isa = PBXFileReference; fileEncoding = 4; lastKnownFileType = sourcecode.swift; path = Units.swift; sourceTree = "<group>"; };
		27481145247DBF6800753335 /* KeplerianTests.xctest */ = {isa = PBXFileReference; explicitFileType = wrapper.cfbundle; includeInIndex = 0; path = KeplerianTests.xctest; sourceTree = BUILT_PRODUCTS_DIR; };
		27481149247DBF6800753335 /* Info.plist */ = {isa = PBXFileReference; lastKnownFileType = text.plist.xml; path = Info.plist; sourceTree = "<group>"; };
		27481150247DBF7200753335 /* KeplerianTests.swift */ = {isa = PBXFileReference; fileEncoding = 4; lastKnownFileType = sourcecode.swift; path = KeplerianTests.swift; sourceTree = "<group>"; };
		2760D7F0248EBC7700E96A7C /* CelestialBodyTests.swift */ = {isa = PBXFileReference; lastKnownFileType = sourcecode.swift; path = CelestialBodyTests.swift; sourceTree = "<group>"; };
		27CD2D23248ACAD3008C148F /* PorkchopVisualizer.swift */ = {isa = PBXFileReference; lastKnownFileType = sourcecode.swift; path = PorkchopVisualizer.swift; sourceTree = "<group>"; };
		27CD2D26248AD417008C148F /* KeplerianPlayspace.playground */ = {isa = PBXFileReference; lastKnownFileType = file.playground; path = KeplerianPlayspace.playground; sourceTree = "<group>"; xcLanguageSpecificationIdentifier = xcode.lang.swift; };
		27DBA5B52482F8900074B4DA /* KerbalTime.swift */ = {isa = PBXFileReference; lastKnownFileType = sourcecode.swift; path = KerbalTime.swift; sourceTree = "<group>"; };
		27DBA5B724835E950074B4DA /* LambertTests.swift */ = {isa = PBXFileReference; lastKnownFileType = sourcecode.swift; path = LambertTests.swift; sourceTree = "<group>"; };
		27DBA5B9248364160074B4DA /* KSPDateTests.swift */ = {isa = PBXFileReference; lastKnownFileType = sourcecode.swift; path = KSPDateTests.swift; sourceTree = "<group>"; };
		27E638EC247F543E0087FB0A /* Porkchop.swift */ = {isa = PBXFileReference; lastKnownFileType = sourcecode.swift; path = Porkchop.swift; sourceTree = "<group>"; };
/* End PBXFileReference section */

/* Begin PBXFrameworksBuildPhase section */
		27481125247DBF3300753335 /* Frameworks */ = {
			isa = PBXFrameworksBuildPhase;
			buildActionMask = 2147483647;
			files = (
			);
			runOnlyForDeploymentPostprocessing = 0;
		};
		27481142247DBF6800753335 /* Frameworks */ = {
			isa = PBXFrameworksBuildPhase;
			buildActionMask = 2147483647;
			files = (
				2748114A247DBF6800753335 /* Keplerian.framework in Frameworks */,
			);
			runOnlyForDeploymentPostprocessing = 0;
		};
/* End PBXFrameworksBuildPhase section */

/* Begin PBXGroup section */
		273505BB248149D100542337 /* KSP Bodies */ = {
			isa = PBXGroup;
			children = (
				273505B9248149CC00542337 /* CelestialBody+KSP.swift */,
				273505B7248149B700542337 /* Orbit+KSP.swift */,
			);
			path = "KSP Bodies";
			sourceTree = "<group>";
		};
		2748111E247DBF3300753335 = {
			isa = PBXGroup;
			children = (
				27CD2D26248AD417008C148F /* KeplerianPlayspace.playground */,
				2748112A247DBF3300753335 /* Keplerian */,
				27481146247DBF6800753335 /* KeplerianTests */,
				27481129247DBF3300753335 /* Products */,
			);
			sourceTree = "<group>";
		};
		27481129247DBF3300753335 /* Products */ = {
			isa = PBXGroup;
			children = (
				27481128247DBF3300753335 /* Keplerian.framework */,
				27481145247DBF6800753335 /* KeplerianTests.xctest */,
			);
			name = Products;
			sourceTree = "<group>";
		};
		2748112A247DBF3300753335 /* Keplerian */ = {
			isa = PBXGroup;
			children = (
				2748112B247DBF3300753335 /* Keplerian.h */,
				2748113F247DBF5E00753335 /* Units.swift */,
				27DBA5B52482F8900074B4DA /* KerbalTime.swift */,
				2748113D247DBF5700753335 /* VectorMath.swift */,
				27481133247DBF5000753335 /* CelestialBody.swift */,
				27481136247DBF5000753335 /* Lambert.swift */,
				27E638EC247F543E0087FB0A /* Porkchop.swift */,
				27CD2D23248ACAD3008C148F /* PorkchopVisualizer.swift */,
				27481137247DBF5000753335 /* Orbit.swift */,
				27481135247DBF5000753335 /* Orbit+CustomStringConvertible.swift */,
				27481134247DBF5000753335 /* Orbit+TestValues.swift */,
				273505BB248149D100542337 /* KSP Bodies */,
				2748112C247DBF3300753335 /* Info.plist */,
			);
			path = Keplerian;
			sourceTree = "<group>";
		};
		27481146247DBF6800753335 /* KeplerianTests */ = {
			isa = PBXGroup;
			children = (
				27481150247DBF7200753335 /* KeplerianTests.swift */,
				273505B524813C6400542337 /* OrbitTests.swift */,
				2760D7F0248EBC7700E96A7C /* CelestialBodyTests.swift */,
				27DBA5B724835E950074B4DA /* LambertTests.swift */,
				27DBA5B9248364160074B4DA /* KSPDateTests.swift */,
				27481149247DBF6800753335 /* Info.plist */,
			);
			path = KeplerianTests;
			sourceTree = "<group>";
		};
/* End PBXGroup section */

/* Begin PBXHeadersBuildPhase section */
		27481123247DBF3300753335 /* Headers */ = {
			isa = PBXHeadersBuildPhase;
			buildActionMask = 2147483647;
			files = (
				2748112D247DBF3300753335 /* Keplerian.h in Headers */,
			);
			runOnlyForDeploymentPostprocessing = 0;
		};
/* End PBXHeadersBuildPhase section */

/* Begin PBXNativeTarget section */
		27481127247DBF3300753335 /* Keplerian */ = {
			isa = PBXNativeTarget;
			buildConfigurationList = 27481130247DBF3300753335 /* Build configuration list for PBXNativeTarget "Keplerian" */;
			buildPhases = (
				27481123247DBF3300753335 /* Headers */,
				27481124247DBF3300753335 /* Sources */,
				27481125247DBF3300753335 /* Frameworks */,
				27481126247DBF3300753335 /* Resources */,
			);
			buildRules = (
			);
			dependencies = (
			);
			name = Keplerian;
			productName = Keplerian;
			productReference = 27481128247DBF3300753335 /* Keplerian.framework */;
			productType = "com.apple.product-type.framework";
		};
		27481144247DBF6800753335 /* KeplerianTests */ = {
			isa = PBXNativeTarget;
			buildConfigurationList = 2748114D247DBF6800753335 /* Build configuration list for PBXNativeTarget "KeplerianTests" */;
			buildPhases = (
				27481141247DBF6800753335 /* Sources */,
				27481142247DBF6800753335 /* Frameworks */,
				27481143247DBF6800753335 /* Resources */,
			);
			buildRules = (
			);
			dependencies = (
				2748114C247DBF6800753335 /* PBXTargetDependency */,
			);
			name = KeplerianTests;
			productName = KeplerianTests;
			productReference = 27481145247DBF6800753335 /* KeplerianTests.xctest */;
			productType = "com.apple.product-type.bundle.unit-test";
		};
/* End PBXNativeTarget section */

/* Begin PBXProject section */
		2748111F247DBF3300753335 /* Project object */ = {
			isa = PBXProject;
			attributes = {
				LastSwiftUpdateCheck = 1140;
				LastUpgradeCheck = 1140;
				ORGANIZATIONNAME = "Mike Muszynski";
				TargetAttributes = {
					27481127247DBF3300753335 = {
						CreatedOnToolsVersion = 11.4;
						LastSwiftMigration = 1140;
					};
					27481144247DBF6800753335 = {
						CreatedOnToolsVersion = 11.4;
					};
				};
			};
			buildConfigurationList = 27481122247DBF3300753335 /* Build configuration list for PBXProject "Keplerian" */;
			compatibilityVersion = "Xcode 9.3";
			developmentRegion = en;
			hasScannedForEncodings = 0;
			knownRegions = (
				en,
				Base,
			);
			mainGroup = 2748111E247DBF3300753335;
			productRefGroup = 27481129247DBF3300753335 /* Products */;
			projectDirPath = "";
			projectRoot = "";
			targets = (
				27481127247DBF3300753335 /* Keplerian */,
				27481144247DBF6800753335 /* KeplerianTests */,
			);
		};
/* End PBXProject section */

/* Begin PBXResourcesBuildPhase section */
		27481126247DBF3300753335 /* Resources */ = {
			isa = PBXResourcesBuildPhase;
			buildActionMask = 2147483647;
			files = (
			);
			runOnlyForDeploymentPostprocessing = 0;
		};
		27481143247DBF6800753335 /* Resources */ = {
			isa = PBXResourcesBuildPhase;
			buildActionMask = 2147483647;
			files = (
			);
			runOnlyForDeploymentPostprocessing = 0;
		};
/* End PBXResourcesBuildPhase section */

/* Begin PBXSourcesBuildPhase section */
		27481124247DBF3300753335 /* Sources */ = {
			isa = PBXSourcesBuildPhase;
			buildActionMask = 2147483647;
			files = (
				2748113A247DBF5000753335 /* Orbit+CustomStringConvertible.swift in Sources */,
				273505B8248149B700542337 /* Orbit+KSP.swift in Sources */,
				27481139247DBF5000753335 /* Orbit+TestValues.swift in Sources */,
				27481138247DBF5000753335 /* CelestialBody.swift in Sources */,
				27481140247DBF5F00753335 /* Units.swift in Sources */,
				2748113B247DBF5000753335 /* Lambert.swift in Sources */,
				27DBA5B62482F8900074B4DA /* KerbalTime.swift in Sources */,
				2748113E247DBF5700753335 /* VectorMath.swift in Sources */,
				2748113C247DBF5000753335 /* Orbit.swift in Sources */,
				27E638ED247F543E0087FB0A /* Porkchop.swift in Sources */,
				273505BA248149CC00542337 /* CelestialBody+KSP.swift in Sources */,
				27CD2D24248ACAD3008C148F /* PorkchopVisualizer.swift in Sources */,
			);
			runOnlyForDeploymentPostprocessing = 0;
		};
		27481141247DBF6800753335 /* Sources */ = {
			isa = PBXSourcesBuildPhase;
			buildActionMask = 2147483647;
			files = (
				27DBA5BA248364160074B4DA /* KSPDateTests.swift in Sources */,
				273505B624813C6400542337 /* OrbitTests.swift in Sources */,
				27481151247DBF7200753335 /* KeplerianTests.swift in Sources */,
				27DBA5B824835E950074B4DA /* LambertTests.swift in Sources */,
				2760D7F1248EBC7700E96A7C /* CelestialBodyTests.swift in Sources */,
			);
			runOnlyForDeploymentPostprocessing = 0;
		};
/* End PBXSourcesBuildPhase section */

/* Begin PBXTargetDependency section */
		2748114C247DBF6800753335 /* PBXTargetDependency */ = {
			isa = PBXTargetDependency;
			target = 27481127247DBF3300753335 /* Keplerian */;
			targetProxy = 2748114B247DBF6800753335 /* PBXContainerItemProxy */;
		};
/* End PBXTargetDependency section */

/* Begin XCBuildConfiguration section */
		2748112E247DBF3300753335 /* Debug */ = {
			isa = XCBuildConfiguration;
			buildSettings = {
				ALWAYS_SEARCH_USER_PATHS = NO;
				CLANG_ANALYZER_NONNULL = YES;
				CLANG_ANALYZER_NUMBER_OBJECT_CONVERSION = YES_AGGRESSIVE;
				CLANG_CXX_LANGUAGE_STANDARD = "gnu++14";
				CLANG_CXX_LIBRARY = "libc++";
				CLANG_ENABLE_MODULES = YES;
				CLANG_ENABLE_OBJC_ARC = YES;
				CLANG_ENABLE_OBJC_WEAK = YES;
				CLANG_WARN_BLOCK_CAPTURE_AUTORELEASING = YES;
				CLANG_WARN_BOOL_CONVERSION = YES;
				CLANG_WARN_COMMA = YES;
				CLANG_WARN_CONSTANT_CONVERSION = YES;
				CLANG_WARN_DEPRECATED_OBJC_IMPLEMENTATIONS = YES;
				CLANG_WARN_DIRECT_OBJC_ISA_USAGE = YES_ERROR;
				CLANG_WARN_DOCUMENTATION_COMMENTS = YES;
				CLANG_WARN_EMPTY_BODY = YES;
				CLANG_WARN_ENUM_CONVERSION = YES;
				CLANG_WARN_INFINITE_RECURSION = YES;
				CLANG_WARN_INT_CONVERSION = YES;
				CLANG_WARN_NON_LITERAL_NULL_CONVERSION = YES;
				CLANG_WARN_OBJC_IMPLICIT_RETAIN_SELF = YES;
				CLANG_WARN_OBJC_LITERAL_CONVERSION = YES;
				CLANG_WARN_OBJC_ROOT_CLASS = YES_ERROR;
				CLANG_WARN_RANGE_LOOP_ANALYSIS = YES;
				CLANG_WARN_STRICT_PROTOTYPES = YES;
				CLANG_WARN_SUSPICIOUS_MOVE = YES;
				CLANG_WARN_UNGUARDED_AVAILABILITY = YES_AGGRESSIVE;
				CLANG_WARN_UNREACHABLE_CODE = YES;
				CLANG_WARN__DUPLICATE_METHOD_MATCH = YES;
				COPY_PHASE_STRIP = NO;
				CURRENT_PROJECT_VERSION = 1;
				DEBUG_INFORMATION_FORMAT = dwarf;
				ENABLE_STRICT_OBJC_MSGSEND = YES;
				ENABLE_TESTABILITY = YES;
				GCC_C_LANGUAGE_STANDARD = gnu11;
				GCC_DYNAMIC_NO_PIC = NO;
				GCC_NO_COMMON_BLOCKS = YES;
				GCC_OPTIMIZATION_LEVEL = 0;
				GCC_PREPROCESSOR_DEFINITIONS = (
					"DEBUG=1",
					"$(inherited)",
				);
				GCC_WARN_64_TO_32_BIT_CONVERSION = YES;
				GCC_WARN_ABOUT_RETURN_TYPE = YES_ERROR;
				GCC_WARN_UNDECLARED_SELECTOR = YES;
				GCC_WARN_UNINITIALIZED_AUTOS = YES_AGGRESSIVE;
				GCC_WARN_UNUSED_FUNCTION = YES;
				GCC_WARN_UNUSED_VARIABLE = YES;
				MACOSX_DEPLOYMENT_TARGET = 10.15;
				MTL_ENABLE_DEBUG_INFO = INCLUDE_SOURCE;
				MTL_FAST_MATH = YES;
				ONLY_ACTIVE_ARCH = YES;
				SDKROOT = macosx;
				SWIFT_ACTIVE_COMPILATION_CONDITIONS = DEBUG;
				SWIFT_OPTIMIZATION_LEVEL = "-Onone";
				VERSIONING_SYSTEM = "apple-generic";
				VERSION_INFO_PREFIX = "";
			};
			name = Debug;
		};
		2748112F247DBF3300753335 /* Release */ = {
			isa = XCBuildConfiguration;
			buildSettings = {
				ALWAYS_SEARCH_USER_PATHS = NO;
				CLANG_ANALYZER_NONNULL = YES;
				CLANG_ANALYZER_NUMBER_OBJECT_CONVERSION = YES_AGGRESSIVE;
				CLANG_CXX_LANGUAGE_STANDARD = "gnu++14";
				CLANG_CXX_LIBRARY = "libc++";
				CLANG_ENABLE_MODULES = YES;
				CLANG_ENABLE_OBJC_ARC = YES;
				CLANG_ENABLE_OBJC_WEAK = YES;
				CLANG_WARN_BLOCK_CAPTURE_AUTORELEASING = YES;
				CLANG_WARN_BOOL_CONVERSION = YES;
				CLANG_WARN_COMMA = YES;
				CLANG_WARN_CONSTANT_CONVERSION = YES;
				CLANG_WARN_DEPRECATED_OBJC_IMPLEMENTATIONS = YES;
				CLANG_WARN_DIRECT_OBJC_ISA_USAGE = YES_ERROR;
				CLANG_WARN_DOCUMENTATION_COMMENTS = YES;
				CLANG_WARN_EMPTY_BODY = YES;
				CLANG_WARN_ENUM_CONVERSION = YES;
				CLANG_WARN_INFINITE_RECURSION = YES;
				CLANG_WARN_INT_CONVERSION = YES;
				CLANG_WARN_NON_LITERAL_NULL_CONVERSION = YES;
				CLANG_WARN_OBJC_IMPLICIT_RETAIN_SELF = YES;
				CLANG_WARN_OBJC_LITERAL_CONVERSION = YES;
				CLANG_WARN_OBJC_ROOT_CLASS = YES_ERROR;
				CLANG_WARN_RANGE_LOOP_ANALYSIS = YES;
				CLANG_WARN_STRICT_PROTOTYPES = YES;
				CLANG_WARN_SUSPICIOUS_MOVE = YES;
				CLANG_WARN_UNGUARDED_AVAILABILITY = YES_AGGRESSIVE;
				CLANG_WARN_UNREACHABLE_CODE = YES;
				CLANG_WARN__DUPLICATE_METHOD_MATCH = YES;
				COPY_PHASE_STRIP = NO;
				CURRENT_PROJECT_VERSION = 1;
				DEBUG_INFORMATION_FORMAT = "dwarf-with-dsym";
				ENABLE_NS_ASSERTIONS = NO;
				ENABLE_STRICT_OBJC_MSGSEND = YES;
				GCC_C_LANGUAGE_STANDARD = gnu11;
				GCC_NO_COMMON_BLOCKS = YES;
				GCC_WARN_64_TO_32_BIT_CONVERSION = YES;
				GCC_WARN_ABOUT_RETURN_TYPE = YES_ERROR;
				GCC_WARN_UNDECLARED_SELECTOR = YES;
				GCC_WARN_UNINITIALIZED_AUTOS = YES_AGGRESSIVE;
				GCC_WARN_UNUSED_FUNCTION = YES;
				GCC_WARN_UNUSED_VARIABLE = YES;
				MACOSX_DEPLOYMENT_TARGET = 10.15;
				MTL_ENABLE_DEBUG_INFO = NO;
				MTL_FAST_MATH = YES;
				SDKROOT = macosx;
				SWIFT_COMPILATION_MODE = wholemodule;
				SWIFT_OPTIMIZATION_LEVEL = "-O";
				VERSIONING_SYSTEM = "apple-generic";
				VERSION_INFO_PREFIX = "";
			};
			name = Release;
		};
		27481131247DBF3300753335 /* Debug */ = {
			isa = XCBuildConfiguration;
			buildSettings = {
				CLANG_ENABLE_MODULES = YES;
				CODE_SIGN_STYLE = Automatic;
				COMBINE_HIDPI_IMAGES = YES;
				DEFINES_MODULE = YES;
				DEVELOPMENT_TEAM = DF288G8ZJ6;
				DYLIB_COMPATIBILITY_VERSION = 1;
				DYLIB_CURRENT_VERSION = 1;
				DYLIB_INSTALL_NAME_BASE = "@rpath";
				INFOPLIST_FILE = Keplerian/Info.plist;
				INSTALL_PATH = "$(LOCAL_LIBRARY_DIR)/Frameworks";
				LD_RUNPATH_SEARCH_PATHS = (
					"$(inherited)",
					"@executable_path/../Frameworks",
					"@loader_path/Frameworks",
				);
				PRODUCT_BUNDLE_IDENTIFIER = mmuszynski.Keplerian;
				PRODUCT_NAME = "$(TARGET_NAME:c99extidentifier)";
				SKIP_INSTALL = YES;
				SWIFT_OPTIMIZATION_LEVEL = "-Onone";
				SWIFT_VERSION = 5.0;
			};
			name = Debug;
		};
		27481132247DBF3300753335 /* Release */ = {
			isa = XCBuildConfiguration;
			buildSettings = {
				CLANG_ENABLE_MODULES = YES;
				CODE_SIGN_STYLE = Automatic;
				COMBINE_HIDPI_IMAGES = YES;
				DEFINES_MODULE = YES;
				DEVELOPMENT_TEAM = DF288G8ZJ6;
				DYLIB_COMPATIBILITY_VERSION = 1;
				DYLIB_CURRENT_VERSION = 1;
				DYLIB_INSTALL_NAME_BASE = "@rpath";
				INFOPLIST_FILE = Keplerian/Info.plist;
				INSTALL_PATH = "$(LOCAL_LIBRARY_DIR)/Frameworks";
				LD_RUNPATH_SEARCH_PATHS = (
					"$(inherited)",
					"@executable_path/../Frameworks",
					"@loader_path/Frameworks",
				);
				PRODUCT_BUNDLE_IDENTIFIER = mmuszynski.Keplerian;
				PRODUCT_NAME = "$(TARGET_NAME:c99extidentifier)";
				SKIP_INSTALL = YES;
				SWIFT_VERSION = 5.0;
			};
			name = Release;
		};
		2748114E247DBF6800753335 /* Debug */ = {
			isa = XCBuildConfiguration;
			buildSettings = {
				CODE_SIGN_STYLE = Automatic;
				COMBINE_HIDPI_IMAGES = YES;
				DEVELOPMENT_TEAM = DF288G8ZJ6;
				INFOPLIST_FILE = KeplerianTests/Info.plist;
				LD_RUNPATH_SEARCH_PATHS = (
					"$(inherited)",
					"@executable_path/../Frameworks",
					"@loader_path/../Frameworks",
				);
				PRODUCT_BUNDLE_IDENTIFIER = mmuszynski.KeplerianTests;
				PRODUCT_NAME = "$(TARGET_NAME)";
				SWIFT_VERSION = 5.0;
			};
			name = Debug;
		};
		2748114F247DBF6800753335 /* Release */ = {
			isa = XCBuildConfiguration;
			buildSettings = {
				CODE_SIGN_STYLE = Automatic;
				COMBINE_HIDPI_IMAGES = YES;
				DEVELOPMENT_TEAM = DF288G8ZJ6;
				INFOPLIST_FILE = KeplerianTests/Info.plist;
				LD_RUNPATH_SEARCH_PATHS = (
					"$(inherited)",
					"@executable_path/../Frameworks",
					"@loader_path/../Frameworks",
				);
				PRODUCT_BUNDLE_IDENTIFIER = mmuszynski.KeplerianTests;
				PRODUCT_NAME = "$(TARGET_NAME)";
				SWIFT_VERSION = 5.0;
			};
			name = Release;
		};
/* End XCBuildConfiguration section */

/* Begin XCConfigurationList section */
		27481122247DBF3300753335 /* Build configuration list for PBXProject "Keplerian" */ = {
			isa = XCConfigurationList;
			buildConfigurations = (
				2748112E247DBF3300753335 /* Debug */,
				2748112F247DBF3300753335 /* Release */,
			);
			defaultConfigurationIsVisible = 0;
			defaultConfigurationName = Release;
		};
		27481130247DBF3300753335 /* Build configuration list for PBXNativeTarget "Keplerian" */ = {
			isa = XCConfigurationList;
			buildConfigurations = (
				27481131247DBF3300753335 /* Debug */,
				27481132247DBF3300753335 /* Release */,
			);
			defaultConfigurationIsVisible = 0;
			defaultConfigurationName = Release;
		};
		2748114D247DBF6800753335 /* Build configuration list for PBXNativeTarget "KeplerianTests" */ = {
			isa = XCConfigurationList;
			buildConfigurations = (
				2748114E247DBF6800753335 /* Debug */,
				2748114F247DBF6800753335 /* Release */,
			);
			defaultConfigurationIsVisible = 0;
			defaultConfigurationName = Release;
		};
/* End XCConfigurationList section */
	};
	rootObject = 2748111F247DBF3300753335 /* Project object */;
}
